
Microsoft Visual Studio Solution File, Format Version 12.00
# Visual Studio Version 17
VisualStudioVersion = 17.2.32630.192
MinimumVisualStudioVersion = 10.0.40219.1
Project("{8BC9CEB8-8B4A-11D0-8D11-00A0C91BC942}") = "成绩判断", "成绩判断\成绩判断.vcxproj", "{5781982B-BAAF-4CD8-A72B-570BA09E9062}"
EndProject
Global
	GlobalSection(SolutionConfigurationPlatforms) = preSolution
		Debug|x64 = Debug|x64
		Debug|x86 = Debug|x86
		Release|x64 = Release|x64
		Release|x86 = Release|x86
	EndGlobalSection
	GlobalSection(ProjectConfigurationPlatforms) = postSolution
		{5781982B-BAAF-4CD8-A72B-570BA09E9062}.Debug|x64.ActiveCfg = Debug|x64
		{5781982B-BAAF-4CD8-A72B-570BA09E9062}.Debug|x64.Build.0 = Debug|x64
		{5781982B-BAAF-4CD8-A72B-570BA09E9062}.Debug|x86.ActiveCfg = Debug|Win32
		{5781982B-BAAF-4CD8-A72B-570BA09E9062}.Debug|x86.Build.0 = Debug|Win32
		{5781982B-BAAF-4CD8-A72B-570BA09E9062}.Release|x64.ActiveCfg = Release|x64
		{5781982B-BAAF-4CD8-A72B-570BA09E9062}.Release|x64.Build.0 = Release|x64
		{5781982B-BAAF-4CD8-A72B-570BA09E9062}.Release|x86.ActiveCfg = Release|Win32
		{5781982B-BAAF-4CD8-A72B-570BA09E9062}.Release|x86.Build.0 = Release|Win32
	EndGlobalSection
	GlobalSection(SolutionProperties) = preSolution
		HideSolutionNode = FALSE
	EndGlobalSection
	GlobalSection(ExtensibilityGlobals) = postSolution
		SolutionGuid = {37430E0B-46AD-4028-9160-6AC9471A3FB5}
	EndGlobalSection
EndGlobal
